#MicroXplorer Configuration settings - do not modify
ADC1.Channel-0\#ChannelRegularConversion=ADC_CHANNEL_10
ADC1.Channel-1\#ChannelRegularConversion=ADC_CHANNEL_11
ADC1.Channel-2\#ChannelRegularConversion=ADC_CHANNEL_13
ADC1.ClockPrescaler=ADC_CLOCK_SYNC_PCLK_DIV4
ADC1.ContinuousConvMode=DISABLE
ADC1.DMAContinuousRequests=DISABLE
ADC1.DataAlign=ADC_DATAALIGN_RIGHT
ADC1.DiscontinuousConvMode=DISABLE
ADC1.EOCSelection=ADC_EOC_SINGLE_CONV
ADC1.EnableAnalogWatchDog=false
ADC1.ExternalTrigConv=ADC_SOFTWARE_START
ADC1.ExternalTrigConvEdge=ADC_EXTERNALTRIGCONVEDGE_NONE
ADC1.IPParameters=Rank-0\#ChannelRegularConversion,Channel-0\#ChannelRegularConversion,SamplingTime-0\#ChannelRegularConversion,NbrOfConversionFlag,master,NbrOfConversion,Rank-1\#ChannelRegularConversion,Channel-1\#ChannelRegularConversion,SamplingTime-1\#ChannelRegularConversion,Rank-2\#ChannelRegularConversion,Channel-2\#ChannelRegularConversion,SamplingTime-2\#ChannelRegularConversion,ClockPrescaler,Resolution,DataAlign,ScanConvMode,ContinuousConvMode,DiscontinuousConvMode,DMAContinuousRequests,EOCSelection,ExternalTrigConvEdge,InjNumberOfConversion,EnableAnalogWatchDog,ExternalTrigConv
ADC1.InjNumberOfConversion=0
ADC1.NbrOfConversion=3
ADC1.NbrOfConversionFlag=1
ADC1.Rank-0\#ChannelRegularConversion=1
ADC1.Rank-1\#ChannelRegularConversion=2
ADC1.Rank-2\#ChannelRegularConversion=3
ADC1.Resolution=ADC_RESOLUTION_12B
ADC1.SamplingTime-0\#ChannelRegularConversion=ADC_SAMPLETIME_112CYCLES
ADC1.SamplingTime-1\#ChannelRegularConversion=ADC_SAMPLETIME_112CYCLES
ADC1.SamplingTime-2\#ChannelRegularConversion=ADC_SAMPLETIME_112CYCLES
ADC1.ScanConvMode=ENABLE
ADC1.master=1
CORTEX_M7.CPU_DCache=Disabled
CORTEX_M7.CPU_ICache=Disabled
CORTEX_M7.IPParameters=CPU_ICache,CPU_DCache
File.Version=6
I2C2.Analog_Filter=I2C_ANALOGFILTER_ENABLE
I2C2.I2C_Speed_Mode=I2C_Fast
I2C2.IPParameters=Timing,Analog_Filter,I2C_Speed_Mode
I2C2.Timing=0x0010061A
I2C4.Analog_Filter=I2C_ANALOGFILTER_ENABLE
I2C4.I2C_Speed_Mode=I2C_Fast
I2C4.IPParameters=Timing,Analog_Filter,Speed,I2C_Speed_Mode
I2C4.Speed=400
I2C4.Timing=0x0010061A
KeepUserPlacement=false
Mcu.Family=STM32F7
Mcu.IP0=ADC1
Mcu.IP1=CORTEX_M7
Mcu.IP10=RNG
Mcu.IP11=RTC
Mcu.IP12=SDMMC1
Mcu.IP13=SPI2
Mcu.IP14=SPI4
Mcu.IP15=SPI5
Mcu.IP16=SPI6
Mcu.IP17=SYS
Mcu.IP18=TIM3
Mcu.IP19=TIM5
Mcu.IP2=CRC
Mcu.IP20=TIM6
Mcu.IP21=TIM9
Mcu.IP22=TIM13
Mcu.IP23=TIM14
Mcu.IP24=UART7
Mcu.IP25=USART3
Mcu.IP26=USB_DEVICE
Mcu.IP27=USB_OTG_FS
Mcu.IP28=WWDG
Mcu.IP3=DAC
Mcu.IP4=I2C2
Mcu.IP5=I2C4
Mcu.IP6=IWDG
Mcu.IP7=LPTIM1
Mcu.IP8=NVIC
Mcu.IP9=RCC
Mcu.IPNb=29
Mcu.Name=STM32F746Z(E-G)Tx
Mcu.Package=LQFP144
Mcu.Pin0=PE2
Mcu.Pin1=PE3
Mcu.Pin10=PF8
Mcu.Pin11=PF9
Mcu.Pin12=PC0
Mcu.Pin13=PC1
Mcu.Pin14=PC2
Mcu.Pin15=PC3
Mcu.Pin16=PA0/WKUP
Mcu.Pin17=PA1
Mcu.Pin18=PA2
Mcu.Pin19=PA3
Mcu.Pin2=PE5
Mcu.Pin20=PA4
Mcu.Pin21=PA5
Mcu.Pin22=PA6
Mcu.Pin23=PA7
Mcu.Pin24=PC4
Mcu.Pin25=PC5
Mcu.Pin26=PB0
Mcu.Pin27=PB1
Mcu.Pin28=PF14
Mcu.Pin29=PF15
Mcu.Pin3=PC13
Mcu.Pin30=PE7
Mcu.Pin31=PE8
Mcu.Pin32=PE12
Mcu.Pin33=PE13
Mcu.Pin34=PE14
Mcu.Pin35=PE15
Mcu.Pin36=PB10
Mcu.Pin37=PB12
Mcu.Pin38=PB14
Mcu.Pin39=PB15
Mcu.Pin4=PC14/OSC32_IN
Mcu.Pin40=PD8
Mcu.Pin41=PD9
Mcu.Pin42=PD14
Mcu.Pin43=PD15
Mcu.Pin44=PG4
Mcu.Pin45=PC6
Mcu.Pin46=PC7
Mcu.Pin47=PC8
Mcu.Pin48=PC9
Mcu.Pin49=PA8
Mcu.Pin5=PC15/OSC32_OUT
Mcu.Pin50=PA9
Mcu.Pin51=PA11
Mcu.Pin52=PA12
Mcu.Pin53=PA13
Mcu.Pin54=PA14
Mcu.Pin55=PC10
Mcu.Pin56=PC11
Mcu.Pin57=PC12
Mcu.Pin58=PD2
Mcu.Pin59=PD6
Mcu.Pin6=PF0
Mcu.Pin60=PD7
Mcu.Pin61=PG11
Mcu.Pin62=PG12
Mcu.Pin63=PG13
Mcu.Pin64=PG14
Mcu.Pin65=PB5
Mcu.Pin66=PB7
Mcu.Pin67=PB8
Mcu.Pin68=PB9
Mcu.Pin69=VP_ADC1_Vbat_Input
Mcu.Pin7=PF1
Mcu.Pin70=VP_CRC_VS_CRC
Mcu.Pin71=VP_IWDG_VS_IWDG
Mcu.Pin72=VP_LPTIM1_VS_LPTIM_counterModeInternalClock
Mcu.Pin73=VP_RNG_VS_RNG
Mcu.Pin74=VP_RTC_VS_RTC_Activate
Mcu.Pin75=VP_RTC_VS_RTC_Calendar
Mcu.Pin76=VP_SYS_VS_Systick
Mcu.Pin77=VP_TIM3_VS_ClockSourceINT
Mcu.Pin78=VP_TIM5_VS_ClockSourceINT
Mcu.Pin79=VP_TIM6_VS_ClockSourceINT
Mcu.Pin8=PF6
Mcu.Pin80=VP_TIM9_VS_ControllerModeClock
Mcu.Pin81=VP_TIM13_VS_ClockSourceINT
Mcu.Pin82=VP_TIM14_VS_ClockSourceINT
Mcu.Pin83=VP_USB_DEVICE_VS_USB_DEVICE_CDC_FS
Mcu.Pin84=VP_WWDG_VS_WWDG
Mcu.Pin9=PF7
Mcu.PinsNb=85
Mcu.UserConstants=
Mcu.UserName=STM32F746ZGTx
MxCube.Version=4.18.0
MxDb.Version=DB.4.0.180
NVIC.BusFault_IRQn=true\:0\:0\:false\:false\:false
NVIC.DebugMonitor_IRQn=true\:0\:0\:false\:false\:false
NVIC.EXTI4_IRQn=true\:5\:0\:true\:false\:true
NVIC.HardFault_IRQn=true\:0\:0\:false\:false\:false
NVIC.MemoryManagement_IRQn=true\:0\:0\:false\:false\:false
NVIC.NonMaskableInt_IRQn=true\:0\:0\:false\:false\:false
NVIC.OTG_FS_IRQn=true\:5\:0\:true\:false\:true
NVIC.PendSV_IRQn=true\:15\:0\:true\:false\:true
NVIC.PriorityGroup=NVIC_PRIORITYGROUP_4
NVIC.SVCall_IRQn=true\:4\:0\:true\:false\:true
NVIC.SysTick_IRQn=true\:15\:0\:true\:false\:true
NVIC.TIM3_IRQn=true\:0\:0\:false\:false\:true
NVIC.TIM5_IRQn=true\:0\:0\:false\:false\:true
NVIC.UsageFault_IRQn=true\:0\:0\:false\:false\:false
PA0/WKUP.GPIOParameters=GPIO_Label
PA0/WKUP.GPIO_Label=VLV_CTRL.LVA_IN
PA0/WKUP.Locked=true
PA0/WKUP.Signal=S_TIM5_CH1
PA1.GPIOParameters=GPIO_Label
PA1.GPIO_Label=VLV_CTRL.LVA_OUT
PA1.Locked=true
PA1.Signal=S_TIM5_CH2
PA11.Locked=true
PA11.Mode=Device_Only
PA11.Signal=USB_OTG_FS_DM
PA12.Locked=true
PA12.Mode=Device_Only
PA12.Signal=USB_OTG_FS_DP
PA13.Mode=Serial_Wire
PA13.Signal=SYS_JTMS-SWDIO
PA14.Mode=Serial_Wire
PA14.Signal=SYS_JTCK-SWCLK
PA2.GPIOParameters=GPIO_Label
PA2.GPIO_Label=VLV_CTRL.LVP_IN
PA2.Locked=true
PA2.Signal=S_TIM5_CH3
PA3.GPIOParameters=GPIO_Label
PA3.GPIO_Label=VLV_CTRL.LVP_OUT
PA3.Locked=true
PA3.Signal=S_TIM5_CH4
PA4.Locked=true
PA4.Signal=COMP_DAC1_group
PA5.GPIOParameters=GPIO_Label
PA5.GPIO_Label=DEBUG.LED1_GREEN
PA5.Locked=true
PA5.Signal=GPIO_Output
PA6.Signal=S_TIM13_CH1
PA7.Locked=true
PA7.Signal=S_TIM14_CH1
PA8.Locked=true
PA8.Signal=USB_OTG_FS_SOF
PA9.Locked=true
PA9.Signal=USB_OTG_FS_VBUS
PB0.GPIOParameters=GPIO_Label
PB0.GPIO_Label=PUMP_CTRL.SPEED
PB0.Locked=true
PB0.Signal=S_TIM3_CH3
PB1.GPIOParameters=GPIO_Label
PB1.GPIO_Label=VLV_CTRL.RV_IN
PB1.Locked=true
PB1.Signal=S_TIM3_CH4
PB10.GPIOParameters=GPIO_Label
PB10.GPIO_Label=ECG.ADS1298_SPI_SCK
PB10.Mode=Full_Duplex_Master
PB10.Signal=SPI2_SCK
PB12.Mode=NSS_Signal_Hard_Output
PB12.Signal=SPI2_NSS
PB14.GPIOParameters=GPIO_Label
PB14.GPIO_Label=DEBUG.LED3_RED
PB14.Locked=true
PB14.Signal=GPIO_Output
PB15.GPIOParameters=GPIO_Label
PB15.GPIO_Label=ECG.ADS1298.MOSI
PB15.Mode=Full_Duplex_Master
PB15.Signal=SPI2_MOSI
PB5.GPIOParameters=GPIO_Label
PB5.GPIO_Label=VLV_CTRL.RV_OUT
PB5.Locked=true
PB5.Signal=S_TIM3_CH2
PB7.GPIOParameters=GPIO_Label
PB7.GPIO_Label=DEBUG.LED2_BLUE
PB7.Locked=true
PB7.Signal=GPIO_Output
PB8.Locked=true
PB8.Mode=mmc_8_bits_Wide_bus
PB8.Signal=SDMMC1_D4
PB9.Locked=true
PB9.Mode=mmc_8_bits_Wide_bus
PB9.Signal=SDMMC1_D5
PC0.GPIOParameters=GPIO_Label
PC0.GPIO_Label=PUMP_CTRL.CURRENT
PC0.Locked=true
PC0.Signal=ADCx_IN10
PC1.GPIOParameters=GPIO_Label
PC1.GPIO_Label=VLV_CTRL.CURRENT
PC1.Locked=true
PC1.Signal=ADCx_IN11
PC10.Locked=true
PC10.Mode=mmc_8_bits_Wide_bus
PC10.Signal=SDMMC1_D2
PC11.Locked=true
PC11.Mode=mmc_8_bits_Wide_bus
PC11.Signal=SDMMC1_D3
PC12.Locked=true
PC12.Mode=mmc_8_bits_Wide_bus
PC12.Signal=SDMMC1_CK
PC13.Locked=true
PC13.Signal=GPIO_Input
PC14/OSC32_IN.Mode=LSE-External-Oscillator
PC14/OSC32_IN.Signal=RCC_OSC32_IN
PC15/OSC32_OUT.Mode=LSE-External-Oscillator
PC15/OSC32_OUT.Signal=RCC_OSC32_OUT
PC2.GPIOParameters=GPIO_Label
PC2.GPIO_Label=ECG.ADS1298.MISO
PC2.Locked=true
PC2.Mode=Full_Duplex_Master
PC2.Signal=SPI2_MISO
PC3.GPIOParameters=GPIO_Label
PC3.GPIO_Label=POWER.VOLTAGE
PC3.Locked=true
PC3.Signal=ADCx_IN13
PC4.GPIOParameters=GPIO_Label
PC4.GPIO_Label=POWER.PG_5V
PC4.Locked=true
PC4.Signal=GPIO_Input
PC5.GPIOParameters=GPIO_Label
PC5.GPIO_Label=POWER.PG_3V3
PC5.Locked=true
PC5.Signal=GPIO_Input
PC6.Locked=true
PC6.Mode=mmc_8_bits_Wide_bus
PC6.Signal=SDMMC1_D6
PC7.Locked=true
PC7.Mode=mmc_8_bits_Wide_bus
PC7.Signal=SDMMC1_D7
PC8.Locked=true
PC8.Mode=mmc_8_bits_Wide_bus
PC8.Signal=SDMMC1_D0
PC9.Locked=true
PC9.Mode=mmc_8_bits_Wide_bus
PC9.Signal=SDMMC1_D1
PCC.Checker=false
PCC.Line=STM32F7x6
PCC.MCU=STM32F746Z(E-G)Tx
PCC.MXVersion=4.18.0
PCC.PartNumber=STM32F746ZGTx
PCC.Seq0=0
PCC.Series=STM32F7
PCC.Temperature=25
PCC.Vdd=3.3
PD14.GPIOParameters=GPIO_Label
PD14.GPIO_Label=VLV_CTRL.OUTTAKE.OP/CL\#
PD14.Locked=true
PD14.Signal=GPIO_Output
PD15.GPIOParameters=GPIO_Label
PD15.GPIO_Label=VLV_CTRL.OUTTAKE.EN
PD15.Locked=true
PD15.Signal=GPIO_Output
PD2.Locked=true
PD2.Mode=mmc_8_bits_Wide_bus
PD2.Signal=SDMMC1_CMD
PD6.GPIOParameters=GPIO_Label
PD6.GPIO_Label=VLV_CTRL.INTAKE.OP/CL\#
PD6.Locked=true
PD6.Signal=GPIO_Output
PD7.GPIOParameters=GPIO_Label
PD7.GPIO_Label=VLV_CTRL.INTAKE.EN
PD7.Locked=true
PD7.Signal=GPIO_Output
PD8.Locked=true
PD8.Mode=Asynchronous
PD8.Signal=USART3_TX
PD9.Locked=true
PD9.Mode=Asynchronous
PD9.Signal=USART3_RX
PE12.GPIOParameters=GPIO_Label
PE12.GPIO_Label=ECG.PACER_ADC.nCS
PE12.Locked=true
PE12.Signal=GPIO_Output
PE13.GPIOParameters=GPIO_Label
PE13.GPIO_Label=ECG.PACER_ADC.MISO
PE13.Mode=Full_Duplex_Master
PE13.Signal=SPI4_MISO
PE14.GPIOParameters=GPIO_Label
PE14.GPIO_Label=ECCG.PACER_ADC.MOSI
PE14.Mode=Full_Duplex_Master
PE14.Signal=SPI4_MOSI
PE15.GPIOParameters=GPIO_Label
PE15.GPIO_Label=ECG.ADS1298.nCS
PE15.Locked=true
PE15.Signal=GPIO_Output
PE2.GPIOParameters=GPIO_Label
PE2.GPIO_Label=ECG.PACER_ADC.SCK
PE2.Mode=Full_Duplex_Master
PE2.Signal=SPI4_SCK
PE3.Locked=true
PE3.Signal=GPIO_Output
PE5.GPIOParameters=GPIO_Label
PE5.GPIO_Label=PUMP_CTRL.TACHO
PE5.Locked=true
PE5.Signal=S_TIM9_CH1
PE7.Mode=Asynchronous
PE7.Signal=UART7_RX
PE8.Mode=Asynchronous
PE8.Signal=UART7_TX
PF0.GPIOParameters=GPIO_Label
PF0.GPIO_Label=SENSORS.I2C.SDA
PF0.Locked=true
PF0.Mode=I2C
PF0.Signal=I2C2_SDA
PF1.GPIOParameters=GPIO_Label
PF1.GPIO_Label=SENSORS.I2C.SCL
PF1.Locked=true
PF1.Mode=I2C
PF1.Signal=I2C2_SCL
PF14.Mode=I2C
PF14.Signal=I2C4_SCL
PF15.Mode=I2C
PF15.Signal=I2C4_SDA
PF6.GPIOParameters=GPIO_Label
PF6.GPIO_Label=OLED.nCS
PF6.Locked=true
PF6.Signal=GPIO_Output
PF7.GPIOParameters=GPIO_Label
PF7.GPIO_Label=OLED.SCK
PF7.Mode=Full_Duplex_Master
PF7.Signal=SPI5_SCK
PF8.GPIOParameters=GPIO_Label
PF8.GPIO_Label=OLED.MISO
PF8.Mode=Full_Duplex_Master
PF8.Signal=SPI5_MISO
PF9.GPIOParameters=GPIO_Label
PF9.GPIO_Label=OLED.MOSI
PF9.Locked=true
PF9.Mode=Full_Duplex_Master
PF9.Signal=SPI5_MOSI
PG11.GPIOParameters=GPIO_Label
PG11.GPIO_Label=nCS_SPI6
PG11.Locked=true
PG11.Signal=GPIO_Output
PG12.Mode=Full_Duplex_Master
PG12.Signal=SPI6_MISO
PG13.Mode=Full_Duplex_Master
PG13.Signal=SPI6_SCK
PG14.Mode=Full_Duplex_Master
PG14.Signal=SPI6_MOSI
PG4.GPIOParameters=GPIO_Label,GPIO_ModeDefaultEXTI
PG4.GPIO_Label=ECG.ADS1298_DRDY
PG4.GPIO_ModeDefaultEXTI=GPIO_MODE_IT_FALLING
PG4.Locked=true
PG4.Signal=GPXTI4
ProjectManager.AskForMigrate=true
ProjectManager.BackupPrevious=false
ProjectManager.CompilerOptimize=2
ProjectManager.ComputerToolchain=false
ProjectManager.CoupleFile=true
ProjectManager.CustomerFirmwarePackage=/home/tweber/STM32Cube/Repository/STM32Cube_FW_F7_V1.5.0
ProjectManager.DefaultFWLocation=false
ProjectManager.DeletePrevious=true
ProjectManager.DeviceId=STM32F746ZGTx
ProjectManager.FirmwarePackage=STM32Cube FW_F7 V1.5.0
ProjectManager.FreePins=false
ProjectManager.HalAssertFull=false
ProjectManager.HeapSize=0x200
ProjectManager.KeepUserCode=true
ProjectManager.LastFirmware=false
ProjectManager.LibraryCopy=1
ProjectManager.PreviousToolchain=
ProjectManager.ProjectBuild=false
ProjectManager.ProjectFileName=nucleo.ioc
ProjectManager.ProjectName=nucleo
ProjectManager.StackSize=0x400
ProjectManager.TargetToolchain=Other Toolchains (GPDSC)
ProjectManager.ToolChainLocation=/home/tweber/Code/COR5180/vendorsrc/STM32CubeMX/nucleo
ProjectManager.UnderRoot=false
ProjectManager.functionlistsort=1-MX_GPIO_Init-GPIO-false-HAL,2-MX_ADC1_Init-ADC1-false-HAL,3-MX_CRC_Init-CRC-false-HAL,4-MX_DAC_Init-DAC-false-HAL,5-MX_I2C4_Init-I2C4-false-HAL,6-MX_IWDG_Init-IWDG-false-HAL,7-MX_LPTIM1_Init-LPTIM1-false-HAL,8-MX_SPI2_Init-SPI2-false-HAL,9-MX_SPI4_Init-SPI4-false-HAL,10-MX_SPI5_Init-SPI5-false-HAL,11-MX_SPI6_Init-SPI6-false-HAL,12-MX_TIM3_Init-TIM3-false-HAL,13-MX_TIM5_Init-TIM5-false-HAL,14-MX_TIM6_Init-TIM6-false-HAL,15-MX_TIM13_Init-TIM13-false-HAL,16-MX_TIM14_Init-TIM14-false-HAL,17-MX_USART3_UART_Init-USART3-false-HAL,18-MX_WWDG_Init-WWDG-false-HAL,19-MX_I2C2_Init-I2C2-false-HAL,20-MX_SDMMC1_Init-SDMMC1-false-HAL,21-MX_UART7_Init-UART7-false-HAL,22-MX_TIM9_Init-TIM9-false-HAL,23-MX_USB_DEVICE_Init-USB_DEVICE-false-HAL,24-MX_RTC_Init-RTC-false-HAL,25-SystemClock_Config-RCC-false-HAL,26-MX_RNG_Init-RNG-false-HAL
RCC.AHBFreq_Value=216000000
RCC.APB1CLKDivider=RCC_HCLK_DIV4
RCC.APB1Freq_Value=54000000
RCC.APB1TimFreq_Value=108000000
RCC.APB2CLKDivider=RCC_HCLK_DIV2
RCC.APB2Freq_Value=108000000
RCC.APB2TimFreq_Value=216000000
RCC.CECFreq_Value=32786.88524590164
RCC.CortexFreq_Value=216000000
RCC.EthernetFreq_Value=216000000
RCC.FCLKCortexFreq_Value=216000000
RCC.FamilyName=M
RCC.HCLKFreq_Value=216000000
RCC.HSE_VALUE=25000000
RCC.HSI_VALUE=16000000
RCC.I2C1Freq_Value=54000000
RCC.I2C2CLockSelection=RCC_I2C2CLKSOURCE_HSI
RCC.I2C2Freq_Value=16000000
RCC.I2C3Freq_Value=54000000
RCC.I2C4CLockSelection=RCC_I2C4CLKSOURCE_HSI
RCC.I2C4Freq_Value=16000000
RCC.I2SFreq_Value=192000000
RCC.IPParameters=AHBFreq_Value,APB1CLKDivider,APB1Freq_Value,APB1TimFreq_Value,APB2CLKDivider,APB2Freq_Value,APB2TimFreq_Value,CECFreq_Value,CortexFreq_Value,EthernetFreq_Value,FCLKCortexFreq_Value,FamilyName,HCLKFreq_Value,HSE_VALUE,HSI_VALUE,I2C1Freq_Value,I2C2CLockSelection,I2C2Freq_Value,I2C3Freq_Value,I2C4CLockSelection,I2C4Freq_Value,I2SFreq_Value,LCDTFToutputFreq_Value,LPTIM1CLockSelection,LPTIM1Freq_Value,LSI_VALUE,MCO2PinFreq_Value,PLLCLKFreq_Value,PLLI2SPCLKFreq_Value,PLLI2SQCLKFreq_Value,PLLI2SRCLKFreq_Value,PLLI2SRoutputFreq_Value,PLLM,PLLN,PLLQ,PLLQCLKFreq_Value,PLLQoutputFreq_Value,PLLSAIPCLKFreq_Value,PLLSAIQCLKFreq_Value,PLLSAIRCLKFreq_Value,PLLSAIoutputFreq_Value,PLLSource,PLLSourceVirtualString,RNGFreq_Value,SAI1Freq_Value,SAI2Freq_Value,SDMMCClockSelection,SDMMCFreq_Value,SPDIFRXFreq_Value,SYSCLKFreq_VALUE,SYSCLKSource,UART4Freq_Value,UART5Freq_Value,UART7Freq_Value,UART8Freq_Value,USART1CLockSelection,USART1Freq_Value,USART2Freq_Value,USART3CLockSelection,USART3Freq_Value,USART6Freq_Value,USBFreq_Value,VCOI2SOutputFreq_Value,VCOInputFreq_Value,VCOOutputFreq_Value,VCOSAIOutputFreq_Value
RCC.LCDTFToutputFreq_Value=96000000
RCC.LPTIM1CLockSelection=RCC_LPTIM1CLKSOURCE_HSI
RCC.LPTIM1Freq_Value=16000000
RCC.LSI_VALUE=32000
RCC.MCO2PinFreq_Value=216000000
RCC.PLLCLKFreq_Value=216000000
RCC.PLLI2SPCLKFreq_Value=192000000
RCC.PLLI2SQCLKFreq_Value=192000000
RCC.PLLI2SRCLKFreq_Value=192000000
RCC.PLLI2SRoutputFreq_Value=192000000
RCC.PLLM=8
RCC.PLLN=216
RCC.PLLQ=9
RCC.PLLQCLKFreq_Value=48000000
RCC.PLLQoutputFreq_Value=48000000
RCC.PLLSAIPCLKFreq_Value=192000000
RCC.PLLSAIQCLKFreq_Value=192000000
RCC.PLLSAIRCLKFreq_Value=192000000
RCC.PLLSAIoutputFreq_Value=192000000
RCC.PLLSource=RCC_PLLSOURCE_HSI
RCC.PLLSourceVirtualString=RCC_PLLSOURCE_HSI
RCC.RNGFreq_Value=48000000
RCC.SAI1Freq_Value=192000000
RCC.SAI2Freq_Value=192000000
RCC.SDMMCClockSelection=RCC_SDMMC1CLKSOURCE_CLK48
RCC.SDMMCFreq_Value=48000000
RCC.SPDIFRXFreq_Value=192000000
RCC.SYSCLKFreq_VALUE=216000000
RCC.SYSCLKSource=RCC_SYSCLKSOURCE_PLLCLK
RCC.UART4Freq_Value=54000000
RCC.UART5Freq_Value=54000000
RCC.UART7Freq_Value=54000000
RCC.UART8Freq_Value=54000000
RCC.USART1CLockSelection=RCC_USART1CLKSOURCE_HSI
RCC.USART1Freq_Value=16000000
RCC.USART2Freq_Value=54000000
RCC.USART3CLockSelection=RCC_USART3CLKSOURCE_HSI
RCC.USART3Freq_Value=16000000
RCC.USART6Freq_Value=108000000
RCC.USBFreq_Value=48000000
RCC.VCOI2SOutputFreq_Value=384000000
RCC.VCOInputFreq_Value=2000000
RCC.VCOOutputFreq_Value=432000000
RCC.VCOSAIOutputFreq_Value=384000000
SH.ADCx_IN10.0=ADC1_IN10,IN10
SH.ADCx_IN10.ConfNb=1
SH.ADCx_IN11.0=ADC1_IN11,IN11
SH.ADCx_IN11.ConfNb=1
SH.ADCx_IN13.0=ADC1_IN13,IN13
SH.ADCx_IN13.ConfNb=1
SH.COMP_DAC1_group.0=DAC_OUT1,DAC_OUT1
SH.COMP_DAC1_group.ConfNb=1
SH.GPXTI4.0=GPIO_EXTI4
SH.GPXTI4.ConfNb=1
SH.S_TIM13_CH1.0=TIM13_CH1,PWM Generation1 CH1
SH.S_TIM13_CH1.ConfNb=1
SH.S_TIM14_CH1.0=TIM14_CH1,PWM Generation1 CH1
SH.S_TIM14_CH1.ConfNb=1
SH.S_TIM3_CH2.0=TIM3_CH2,PWM Generation2 CH2
SH.S_TIM3_CH2.ConfNb=1
SH.S_TIM3_CH3.0=TIM3_CH3,PWM Generation3 CH3
SH.S_TIM3_CH3.ConfNb=1
SH.S_TIM3_CH4.0=TIM3_CH4,PWM Generation4 CH4
SH.S_TIM3_CH4.ConfNb=1
SH.S_TIM5_CH1.0=TIM5_CH1,PWM Generation1 CH1
SH.S_TIM5_CH1.ConfNb=1
SH.S_TIM5_CH2.0=TIM5_CH2,PWM Generation2 CH2
SH.S_TIM5_CH2.ConfNb=1
SH.S_TIM5_CH3.0=TIM5_CH3,PWM Generation3 CH3
SH.S_TIM5_CH3.ConfNb=1
SH.S_TIM5_CH4.0=TIM5_CH4,PWM Generation4 CH4
SH.S_TIM5_CH4.ConfNb=1
SH.S_TIM9_CH1.0=TIM9_CH1,TriggerSource_TI1ED
SH.S_TIM9_CH1.ConfNb=1
SPI2.BaudRatePrescaler=SPI_BAUDRATEPRESCALER_32
SPI2.CLKPolarity=SPI_POLARITY_HIGH
SPI2.CalculateBaudRate=1.6875 MBits/s
SPI2.DataSize=SPI_DATASIZE_8BIT
SPI2.IPParameters=Mode,CalculateBaudRate,BaudRatePrescaler,VirtualNSS,DataSize,CLKPolarity,NSSPMode
SPI2.Mode=SPI_MODE_MASTER
SPI2.NSSPMode=SPI_NSS_PULSE_DISABLE
SPI2.VirtualNSS=VM_NSSHARD
SPI4.BaudRatePrescaler=SPI_BAUDRATEPRESCALER_4
SPI4.CalculateBaudRate=27.0 MBits/s
SPI4.IPParameters=Mode,CalculateBaudRate,BaudRatePrescaler
SPI4.Mode=SPI_MODE_MASTER
SPI5.BaudRatePrescaler=SPI_BAUDRATEPRESCALER_4
SPI5.CalculateBaudRate=27.0 MBits/s
SPI5.IPParameters=Mode,CalculateBaudRate,BaudRatePrescaler
SPI5.Mode=SPI_MODE_MASTER
SPI6.BaudRatePrescaler=SPI_BAUDRATEPRESCALER_4
SPI6.CalculateBaudRate=27.0 MBits/s
SPI6.IPParameters=Mode,CalculateBaudRate,BaudRatePrescaler
SPI6.Mode=SPI_MODE_MASTER
TIM3.Channel-PWM\ Generation2\ CH2=TIM_CHANNEL_2
TIM3.Channel-PWM\ Generation3\ CH3=TIM_CHANNEL_3
TIM3.Channel-PWM\ Generation4\ CH4=TIM_CHANNEL_4
TIM3.IPParameters=Channel-PWM Generation2 CH2,Period,Prescaler,Pulse-PWM Generation2 CH2,Channel-PWM Generation3 CH3,Pulse-PWM Generation3 CH3,Channel-PWM Generation4 CH4
TIM3.Period=5000
TIM3.Prescaler=0
TIM3.Pulse-PWM\ Generation2\ CH2=0
TIM3.Pulse-PWM\ Generation3\ CH3=0
TIM5.Channel-PWM\ Generation2\ CH2=TIM_CHANNEL_2
TIM5.Channel-PWM\ Generation3\ CH3=TIM_CHANNEL_3
TIM5.Channel-PWM\ Generation4\ CH4=TIM_CHANNEL_4
TIM5.IPParameters=Channel-PWM Generation2 CH2,Channel-PWM Generation3 CH3,Channel-PWM Generation4 CH4,Period,Pulse-PWM Generation2 CH2,Pulse-PWM Generation3 CH3,Pulse-PWM Generation4 CH4,Pulse-PWM Generation1 CH1
TIM5.Period=5000
TIM5.Pulse-PWM\ Generation1\ CH1=0
TIM5.Pulse-PWM\ Generation2\ CH2=0
TIM5.Pulse-PWM\ Generation3\ CH3=0
TIM5.Pulse-PWM\ Generation4\ CH4=0
TIM9.IPParameters=Slave_TriggerFilter,Period
TIM9.Period=0xffff
TIM9.Slave_TriggerFilter=0xf
UART7.IPParameters=WordLength
UART7.WordLength=UART_WORDLENGTH_8B
USART3.IPParameters=WordLength
USART3.WordLength=UART_WORDLENGTH_8B
USB_DEVICE.CLASS_NAME-CDC_FS=CDC
USB_DEVICE.CLASS_NAME_FS=CDC
USB_DEVICE.IPParameters=VirtualMode-CDC_FS,VirtualModeFS,USBD_HandleTypeDef-CDC_FS,CLASS_NAME-CDC_FS,CLASS_NAME_FS,USBD_LPM_ENABLED-CDC_FS
USB_DEVICE.USBD_HandleTypeDef-CDC_FS=hUsbDeviceFS
USB_DEVICE.USBD_LPM_ENABLED-CDC_FS=0
USB_DEVICE.VirtualMode-CDC_FS=Cdc
USB_DEVICE.VirtualModeFS=Cdc_FS
USB_OTG_FS.IPParameters=VirtualMode
USB_OTG_FS.VirtualMode=Device_Only
VP_ADC1_Vbat_Input.Mode=IN-Vbat
VP_ADC1_Vbat_Input.Signal=ADC1_Vbat_Input
VP_CRC_VS_CRC.Mode=CRC_Activate
VP_CRC_VS_CRC.Signal=CRC_VS_CRC
VP_IWDG_VS_IWDG.Mode=IWDG_Activate
VP_IWDG_VS_IWDG.Signal=IWDG_VS_IWDG
VP_LPTIM1_VS_LPTIM_counterModeInternalClock.Mode=Counts__internal_clock_event_00
VP_LPTIM1_VS_LPTIM_counterModeInternalClock.Signal=LPTIM1_VS_LPTIM_counterModeInternalClock
VP_RNG_VS_RNG.Mode=RNG_Activate
VP_RNG_VS_RNG.Signal=RNG_VS_RNG
VP_RTC_VS_RTC_Activate.Mode=RTC_Enabled
VP_RTC_VS_RTC_Activate.Signal=RTC_VS_RTC_Activate
VP_RTC_VS_RTC_Calendar.Mode=RTC_Calendar
VP_RTC_VS_RTC_Calendar.Signal=RTC_VS_RTC_Calendar
VP_SYS_VS_Systick.Mode=SysTick
VP_SYS_VS_Systick.Signal=SYS_VS_Systick
VP_TIM13_VS_ClockSourceINT.Mode=Enable_Timer
VP_TIM13_VS_ClockSourceINT.Signal=TIM13_VS_ClockSourceINT
VP_TIM14_VS_ClockSourceINT.Mode=Enable_Timer
VP_TIM14_VS_ClockSourceINT.Signal=TIM14_VS_ClockSourceINT
VP_TIM3_VS_ClockSourceINT.Mode=Internal
VP_TIM3_VS_ClockSourceINT.Signal=TIM3_VS_ClockSourceINT
VP_TIM5_VS_ClockSourceINT.Mode=Internal
VP_TIM5_VS_ClockSourceINT.Signal=TIM5_VS_ClockSourceINT
VP_TIM6_VS_ClockSourceINT.Mode=Enable_Timer
VP_TIM6_VS_ClockSourceINT.Signal=TIM6_VS_ClockSourceINT
VP_TIM9_VS_ControllerModeClock.Mode=Clock Mode
VP_TIM9_VS_ControllerModeClock.Signal=TIM9_VS_ControllerModeClock
VP_USB_DEVICE_VS_USB_DEVICE_CDC_FS.Mode=CDC_FS
VP_USB_DEVICE_VS_USB_DEVICE_CDC_FS.Signal=USB_DEVICE_VS_USB_DEVICE_CDC_FS
VP_WWDG_VS_WWDG.Mode=WWDG_Activate
VP_WWDG_VS_WWDG.Signal=WWDG_VS_WWDG
board=nucleo
